
Microsoft Visual Studio Solution File, Format Version 12.00
# Visual Studio Version 17
VisualStudioVersion = 17.1.31911.260
MinimumVisualStudioVersion = 10.0.40219.1
Project("{9A19103F-16F7-4668-BE54-9A1E7A4F7556}") = "IO.TedTalk.Api", "Io.TedTalk.Api\IO.TedTalk.Api.csproj", "{125D8A68-E0E9-4783-BE4D-FAD587C9AFFC}"
EndProject
Project("{9A19103F-16F7-4668-BE54-9A1E7A4F7556}") = "IO.TedTalk.Data", "Io.TedTalk.Data\IO.TedTalk.Data.csproj", "{254CCFE6-4035-4170-9F6F-C42B68968003}"
EndProject
Project("{9A19103F-16F7-4668-BE54-9A1E7A4F7556}") = "IO.TedTalk.Services", "Io.TedTalk.Services\IO.TedTalk.Services.csproj", "{88419FC2-5259-4F41-9D5D-BEF84154D888}"
EndProject
Project("{9A19103F-16F7-4668-BE54-9A1E7A4F7556}") = "IO.TedTalk.Core", "Io.TedTalk.Core\IO.TedTalk.Core.csproj", "{4E24516A-20D1-4E19-8EF5-83F78FC467B7}"
EndProject
Project("{2150E333-8FDC-42A3-9474-1A3956D46DE8}") = "Tests", "Tests", "{747575A8-A86E-44D3-A0E6-7726B8ADA351}"
EndProject
Project("{FAE04EC0-301F-11D3-BF4B-00C04F79EFBC}") = "IO.TedTalk.UnitTests", "IO.TedTalk.UnitTests\IO.TedTalk.UnitTests.csproj", "{015A75D2-172D-4D74-9FE1-CBA5F8E65864}"
EndProject
Global
	GlobalSection(SolutionConfigurationPlatforms) = preSolution
		Debug|Any CPU = Debug|Any CPU
		Release|Any CPU = Release|Any CPU
	EndGlobalSection
	GlobalSection(ProjectConfigurationPlatforms) = postSolution
		{125D8A68-E0E9-4783-BE4D-FAD587C9AFFC}.Debug|Any CPU.ActiveCfg = Debug|Any CPU
		{125D8A68-E0E9-4783-BE4D-FAD587C9AFFC}.Debug|Any CPU.Build.0 = Debug|Any CPU
		{125D8A68-E0E9-4783-BE4D-FAD587C9AFFC}.Release|Any CPU.ActiveCfg = Release|Any CPU
		{125D8A68-E0E9-4783-BE4D-FAD587C9AFFC}.Release|Any CPU.Build.0 = Release|Any CPU
		{254CCFE6-4035-4170-9F6F-C42B68968003}.Debug|Any CPU.ActiveCfg = Debug|Any CPU
		{254CCFE6-4035-4170-9F6F-C42B68968003}.Debug|Any CPU.Build.0 = Debug|Any CPU
		{254CCFE6-4035-4170-9F6F-C42B68968003}.Release|Any CPU.ActiveCfg = Release|Any CPU
		{254CCFE6-4035-4170-9F6F-C42B68968003}.Release|Any CPU.Build.0 = Release|Any CPU
		{88419FC2-5259-4F41-9D5D-BEF84154D888}.Debug|Any CPU.ActiveCfg = Debug|Any CPU
		{88419FC2-5259-4F41-9D5D-BEF84154D888}.Debug|Any CPU.Build.0 = Debug|Any CPU
		{88419FC2-5259-4F41-9D5D-BEF84154D888}.Release|Any CPU.ActiveCfg = Release|Any CPU
		{88419FC2-5259-4F41-9D5D-BEF84154D888}.Release|Any CPU.Build.0 = Release|Any CPU
		{4E24516A-20D1-4E19-8EF5-83F78FC467B7}.Debug|Any CPU.ActiveCfg = Debug|Any CPU
		{4E24516A-20D1-4E19-8EF5-83F78FC467B7}.Debug|Any CPU.Build.0 = Debug|Any CPU
		{4E24516A-20D1-4E19-8EF5-83F78FC467B7}.Release|Any CPU.ActiveCfg = Release|Any CPU
		{4E24516A-20D1-4E19-8EF5-83F78FC467B7}.Release|Any CPU.Build.0 = Release|Any CPU
		{015A75D2-172D-4D74-9FE1-CBA5F8E65864}.Debug|Any CPU.ActiveCfg = Debug|Any CPU
		{015A75D2-172D-4D74-9FE1-CBA5F8E65864}.Debug|Any CPU.Build.0 = Debug|Any CPU
		{015A75D2-172D-4D74-9FE1-CBA5F8E65864}.Release|Any CPU.ActiveCfg = Release|Any CPU
		{015A75D2-172D-4D74-9FE1-CBA5F8E65864}.Release|Any CPU.Build.0 = Release|Any CPU
	EndGlobalSection
	GlobalSection(SolutionProperties) = preSolution
		HideSolutionNode = FALSE
	EndGlobalSection
	GlobalSection(NestedProjects) = preSolution
		{015A75D2-172D-4D74-9FE1-CBA5F8E65864} = {747575A8-A86E-44D3-A0E6-7726B8ADA351}
	EndGlobalSection
	GlobalSection(ExtensibilityGlobals) = postSolution
		SolutionGuid = {A9804EBB-C18E-4433-A3F6-4E783F65D308}
	EndGlobalSection
EndGlobal
